
Microsoft Visual Studio Solution File, Format Version 12.00
# Visual Studio 15
VisualStudioVersion = 15.0.26730.16
MinimumVisualStudioVersion = 10.0.40219.1
Project("{9A19103F-16F7-4668-BE54-9A1E7A4F7556}") = "GearJunkie.Api", "GearJunkie-Api\GearJunkie.Api.csproj", "{6BB52FE9-94E6-4803-B81D-3DD543F74C47}"
EndProject
Project("{9A19103F-16F7-4668-BE54-9A1E7A4F7556}") = "GearJunkie.BusinessLayer", "GearJunkie.BusinessLayer\GearJunkie.BusinessLayer.csproj", "{A467DB79-FA1B-4DBD-A4E3-025F3EEF2F4B}"
EndProject
Project("{9A19103F-16F7-4668-BE54-9A1E7A4F7556}") = "GearJunkie.DataLayer", "GearJunkieDataLayer\GearJunkie.DataLayer.csproj", "{9757B159-CBDD-4712-9A25-6AD439F2E973}"
EndProject
Project("{9A19103F-16F7-4668-BE54-9A1E7A4F7556}") = "BusinessObjects", "BusinessObjects\BusinessObjects.csproj", "{4AF76217-1FEE-4E9F-9C31-9F7A728215E8}"
EndProject
Project("{9A19103F-16F7-4668-BE54-9A1E7A4F7556}") = "Common", "Common\Common.csproj", "{270250CE-42C6-423F-A516-91A83781C6CE}"
EndProject
Global
	GlobalSection(SolutionConfigurationPlatforms) = preSolution
		Debug|Any CPU = Debug|Any CPU
		Release|Any CPU = Release|Any CPU
	EndGlobalSection
	GlobalSection(ProjectConfigurationPlatforms) = postSolution
		{6BB52FE9-94E6-4803-B81D-3DD543F74C47}.Debug|Any CPU.ActiveCfg = Debug|Any CPU
		{6BB52FE9-94E6-4803-B81D-3DD543F74C47}.Debug|Any CPU.Build.0 = Debug|Any CPU
		{6BB52FE9-94E6-4803-B81D-3DD543F74C47}.Release|Any CPU.ActiveCfg = Release|Any CPU
		{6BB52FE9-94E6-4803-B81D-3DD543F74C47}.Release|Any CPU.Build.0 = Release|Any CPU
		{A467DB79-FA1B-4DBD-A4E3-025F3EEF2F4B}.Debug|Any CPU.ActiveCfg = Debug|Any CPU
		{A467DB79-FA1B-4DBD-A4E3-025F3EEF2F4B}.Debug|Any CPU.Build.0 = Debug|Any CPU
		{A467DB79-FA1B-4DBD-A4E3-025F3EEF2F4B}.Release|Any CPU.ActiveCfg = Release|Any CPU
		{A467DB79-FA1B-4DBD-A4E3-025F3EEF2F4B}.Release|Any CPU.Build.0 = Release|Any CPU
		{9757B159-CBDD-4712-9A25-6AD439F2E973}.Debug|Any CPU.ActiveCfg = Debug|Any CPU
		{9757B159-CBDD-4712-9A25-6AD439F2E973}.Debug|Any CPU.Build.0 = Debug|Any CPU
		{9757B159-CBDD-4712-9A25-6AD439F2E973}.Release|Any CPU.ActiveCfg = Release|Any CPU
		{9757B159-CBDD-4712-9A25-6AD439F2E973}.Release|Any CPU.Build.0 = Release|Any CPU
		{4AF76217-1FEE-4E9F-9C31-9F7A728215E8}.Debug|Any CPU.ActiveCfg = Debug|Any CPU
		{4AF76217-1FEE-4E9F-9C31-9F7A728215E8}.Debug|Any CPU.Build.0 = Debug|Any CPU
		{4AF76217-1FEE-4E9F-9C31-9F7A728215E8}.Release|Any CPU.ActiveCfg = Release|Any CPU
		{4AF76217-1FEE-4E9F-9C31-9F7A728215E8}.Release|Any CPU.Build.0 = Release|Any CPU
		{270250CE-42C6-423F-A516-91A83781C6CE}.Debug|Any CPU.ActiveCfg = Debug|Any CPU
		{270250CE-42C6-423F-A516-91A83781C6CE}.Debug|Any CPU.Build.0 = Debug|Any CPU
		{270250CE-42C6-423F-A516-91A83781C6CE}.Release|Any CPU.ActiveCfg = Release|Any CPU
		{270250CE-42C6-423F-A516-91A83781C6CE}.Release|Any CPU.Build.0 = Release|Any CPU
	EndGlobalSection
	GlobalSection(SolutionProperties) = preSolution
		HideSolutionNode = FALSE
	EndGlobalSection
	GlobalSection(ExtensibilityGlobals) = postSolution
		SolutionGuid = {DAAF017F-FA24-4D07-B55A-D4918985677D}
	EndGlobalSection
EndGlobal
